
Microsoft Visual Studio Solution File, Format Version 12.00
# Visual Studio Version 16
VisualStudioVersion = 16.0.29020.237
MinimumVisualStudioVersion = 10.0.40219.1
Project("{FAE04EC0-301F-11D3-BF4B-00C04F79EFBC}") = "4_From", "4_From\4_From.csproj", "{5CA12894-63CD-40FF-888F-D20A70196A2B}"
EndProject
Global
	GlobalSection(SolutionConfigurationPlatforms) = preSolution
		Debug|Any CPU = Debug|Any CPU
		Release|Any CPU = Release|Any CPU
	EndGlobalSection
	GlobalSection(ProjectConfigurationPlatforms) = postSolution
		{5CA12894-63CD-40FF-888F-D20A70196A2B}.Debug|Any CPU.ActiveCfg = Debug|Any CPU
		{5CA12894-63CD-40FF-888F-D20A70196A2B}.Debug|Any CPU.Build.0 = Debug|Any CPU
		{5CA12894-63CD-40FF-888F-D20A70196A2B}.Release|Any CPU.ActiveCfg = Release|Any CPU
		{5CA12894-63CD-40FF-888F-D20A70196A2B}.Release|Any CPU.Build.0 = Release|Any CPU
	EndGlobalSection
	GlobalSection(SolutionProperties) = preSolution
		HideSolutionNode = FALSE
	EndGlobalSection
	GlobalSection(ExtensibilityGlobals) = postSolution
		SolutionGuid = {B38C0E0F-BB54-4B9A-A0C5-2D2623DE8805}
	EndGlobalSection
EndGlobal
